
Microsoft Visual Studio Solution File, Format Version 12.00
# Visual Studio Version 17
VisualStudioVersion = 17.13.35919.96 d17.13
MinimumVisualStudioVersion = 10.0.40219.1
Project("{FAE04EC0-301F-11D3-BF4B-00C04F79EFBC}") = "SeniorCapstoneProject", "SeniorCapstoneProject\SeniorCapstoneProject.csproj", "{C14F2CFF-21B3-46C9-9875-FF7AFF2D6BF0}"
EndProject
Global
	GlobalSection(SolutionConfigurationPlatforms) = preSolution
		Debug|Any CPU = Debug|Any CPU
		Release|Any CPU = Release|Any CPU
	EndGlobalSection
	GlobalSection(ProjectConfigurationPlatforms) = postSolution
		{C14F2CFF-21B3-46C9-9875-FF7AFF2D6BF0}.Debug|Any CPU.ActiveCfg = Debug|Any CPU
		{C14F2CFF-21B3-46C9-9875-FF7AFF2D6BF0}.Debug|Any CPU.Build.0 = Debug|Any CPU
		{C14F2CFF-21B3-46C9-9875-FF7AFF2D6BF0}.Release|Any CPU.ActiveCfg = Release|Any CPU
		{C14F2CFF-21B3-46C9-9875-FF7AFF2D6BF0}.Release|Any CPU.Build.0 = Release|Any CPU
	EndGlobalSection
	GlobalSection(SolutionProperties) = preSolution
		HideSolutionNode = FALSE
	EndGlobalSection
	GlobalSection(ExtensibilityGlobals) = postSolution
		SolutionGuid = {85444120-8B72-4D18-B2EA-DE0FE6E59EC7}
	EndGlobalSection
EndGlobal
